
Microsoft Visual Studio Solution File, Format Version 12.00
# Visual Studio Version 17
VisualStudioVersion = 17.14.36915.13 d17.14
MinimumVisualStudioVersion = 10.0.40219.1
Project("{FAE04EC0-301F-11D3-BF4B-00C04F79EFBC}") = "G-NET-7-EF04", "G-NET-7-EF04.csproj", "{214A3076-7CBF-40AB-B965-F6D0E6509D66}"
EndProject
Global
	GlobalSection(SolutionConfigurationPlatforms) = preSolution
		Debug|Any CPU = Debug|Any CPU
		Release|Any CPU = Release|Any CPU
	EndGlobalSection
	GlobalSection(ProjectConfigurationPlatforms) = postSolution
		{214A3076-7CBF-40AB-B965-F6D0E6509D66}.Debug|Any CPU.ActiveCfg = Debug|Any CPU
		{214A3076-7CBF-40AB-B965-F6D0E6509D66}.Debug|Any CPU.Build.0 = Debug|Any CPU
		{214A3076-7CBF-40AB-B965-F6D0E6509D66}.Release|Any CPU.ActiveCfg = Release|Any CPU
		{214A3076-7CBF-40AB-B965-F6D0E6509D66}.Release|Any CPU.Build.0 = Release|Any CPU
	EndGlobalSection
	GlobalSection(SolutionProperties) = preSolution
		HideSolutionNode = FALSE
	EndGlobalSection
	GlobalSection(ExtensibilityGlobals) = postSolution
		SolutionGuid = {929F55C5-D4CB-4A00-9C33-E6386F2DBF6E}
	EndGlobalSection
EndGlobal
